// !$*UTF8*$!
{
	archiveVersion = 1;
	classes = {
	};
	objectVersion = 46;
	objects = {

/* Begin PBXBuildFile section */
		296B09BE1A8D5E9A00146CE2 /* main.m in Sources */ = {isa = PBXBuildFile; fileRef = 296B09BD1A8D5E9A00146CE2 /* main.m */; };
		296B09C11A8D5E9A00146CE2 /* AppDelegate.m in Sources */ = {isa = PBXBuildFile; fileRef = 296B09C01A8D5E9A00146CE2 /* AppDelegate.m */; };
		296B09C41A8D5E9A00146CE2 /* ViewController.m in Sources */ = {isa = PBXBuildFile; fileRef = 296B09C31A8D5E9A00146CE2 /* ViewController.m */; };
		296B09C71A8D5E9A00146CE2 /* Main.storyboard in Resources */ = {isa = PBXBuildFile; fileRef = 296B09C51A8D5E9A00146CE2 /* Main.storyboard */; };
		296B09C91A8D5E9A00146CE2 /* Images.xcassets in Resources */ = {isa = PBXBuildFile; fileRef = 296B09C81A8D5E9A00146CE2 /* Images.xcassets */; };
		296B09CC1A8D5E9A00146CE2 /* LaunchScreen.xib in Resources */ = {isa = PBXBuildFile; fileRef = 296B09CA1A8D5E9A00146CE2 /* LaunchScreen.xib */; };
		296B09D81A8D5E9A00146CE2 /* mapSpotTests.m in Sources */ = {isa = PBXBuildFile; fileRef = 296B09D71A8D5E9A00146CE2 /* mapSpotTests.m */; };
/* End PBXBuildFile section */

/* Begin PBXContainerItemProxy section */
		296B09D21A8D5E9A00146CE2 /* PBXContainerItemProxy */ = {
			isa = PBXContainerItemProxy;
			containerPortal = 296B09B01A8D5E9A00146CE2 /* Project object */;
			proxyType = 1;
			remoteGlobalIDString = 296B09B71A8D5E9A00146CE2;
			remoteInfo = mapSpot;
		};
/* End PBXContainerItemProxy section */

/* Begin PBXFileReference section */
		296B09B81A8D5E9A00146CE2 /* mapSpot.app */ = {isa = PBXFileReference; explicitFileType = wrapper.application; includeInIndex = 0; path = mapSpot.app; sourceTree = BUILT_PRODUCTS_DIR; };
		296B09BC1A8D5E9A00146CE2 /* Info.plist */ = {isa = PBXFileReference; lastKnownFileType = text.plist.xml; path = Info.plist; sourceTree = "<group>"; };
		296B09BD1A8D5E9A00146CE2 /* main.m */ = {isa = PBXFileReference; lastKnownFileType = sourcecode.c.objc; path = main.m; sourceTree = "<group>"; };
		296B09BF1A8D5E9A00146CE2 /* AppDelegate.h */ = {isa = PBXFileReference; lastKnownFileType = sourcecode.c.h; path = AppDelegate.h; sourceTree = "<group>"; };
		296B09C01A8D5E9A00146CE2 /* AppDelegate.m */ = {isa = PBXFileReference; lastKnownFileType = sourcecode.c.objc; path = AppDelegate.m; sourceTree = "<group>"; };
		296B09C21A8D5E9A00146CE2 /* ViewController.h */ = {isa = PBXFileReference; lastKnownFileType = sourcecode.c.h; path = ViewController.h; sourceTree = "<group>"; };
		296B09C31A8D5E9A00146CE2 /* ViewController.m */ = {isa = PBXFileReference; lastKnownFileType = sourcecode.c.objc; path = ViewController.m; sourceTree = "<group>"; };
		296B09C61A8D5E9A00146CE2 /* Base */ = {isa = PBXFileReference; lastKnownFileType = file.storyboard; name = Base; path = Base.lproj/Main.storyboard; sourceTree = "<group>"; };
		296B09C81A8D5E9A00146CE2 /* Images.xcassets */ = {isa = PBXFileReference; lastKnownFileType = folder.assetcatalog; path = Images.xcassets; sourceTree = "<group>"; };
		296B09CB1A8D5E9A00146CE2 /* Base */ = {isa = PBXFileReference; lastKnownFileType = file.xib; name = Base; path = Base.lproj/LaunchScreen.xib; sourceTree = "<group>"; };
		296B09D11A8D5E9A00146CE2 /* mapSpotTests.xctest */ = {isa = PBXFileReference; explicitFileType = wrapper.cfbundle; includeInIndex = 0; path = mapSpotTests.xctest; sourceTree = BUILT_PRODUCTS_DIR; };
		296B09D61A8D5E9A00146CE2 /* Info.plist */ = {isa = PBXFileReference; lastKnownFileType = text.plist.xml; path = Info.plist; sourceTree = "<group>"; };
		296B09D71A8D5E9A00146CE2 /* mapSpotTests.m */ = {isa = PBXFileReference; lastKnownFileType = sourcecode.c.objc; path = mapSpotTests.m; sourceTree = "<group>"; };
/* End PBXFileReference section */

/* Begin PBXFrameworksBuildPhase section */
		296B09B51A8D5E9A00146CE2 /* Frameworks */ = {
			isa = PBXFrameworksBuildPhase;
			buildActionMask = 2147483647;
			files = (
			);
			runOnlyForDeploymentPostprocessing = 0;
		};
		296B09CE1A8D5E9A00146CE2 /* Frameworks */ = {
			isa = PBXFrameworksBuildPhase;
			buildActionMask = 2147483647;
			files = (
			);
			runOnlyForDeploymentPostprocessing = 0;
		};
/* End PBXFrameworksBuildPhase section */

/* Begin PBXGroup section */
		296B09AF1A8D5E9A00146CE2 = {
			isa = PBXGroup;
			children = (
				296B09BA1A8D5E9A00146CE2 /* mapSpot */,
				296B09D41A8D5E9A00146CE2 /* mapSpotTests */,
				296B09B91A8D5E9A00146CE2 /* Products */,
			);
			sourceTree = "<group>";
		};
		296B09B91A8D5E9A00146CE2 /* Products */ = {
			isa = PBXGroup;
			children = (
				296B09B81A8D5E9A00146CE2 /* mapSpot.app */,
				296B09D11A8D5E9A00146CE2 /* mapSpotTests.xctest */,
			);
			name = Products;
			sourceTree = "<group>";
		};
		296B09BA1A8D5E9A00146CE2 /* mapSpot */ = {
			isa = PBXGroup;
			children = (
				296B09BF1A8D5E9A00146CE2 /* AppDelegate.h */,
				296B09C01A8D5E9A00146CE2 /* AppDelegate.m */,
				296B09C21A8D5E9A00146CE2 /* ViewController.h */,
				296B09C31A8D5E9A00146CE2 /* ViewController.m */,
				296B09C51A8D5E9A00146CE2 /* Main.storyboard */,
				296B09C81A8D5E9A00146CE2 /* Images.xcassets */,
				296B09CA1A8D5E9A00146CE2 /* LaunchScreen.xib */,
				296B09BB1A8D5E9A00146CE2 /* Supporting Files */,
			);
			path = mapSpot;
			sourceTree = "<group>";
		};
		296B09BB1A8D5E9A00146CE2 /* Supporting Files */ = {
			isa = PBXGroup;
			children = (
				296B09BC1A8D5E9A00146CE2 /* Info.plist */,
				296B09BD1A8D5E9A00146CE2 /* main.m */,
			);
			name = "Supporting Files";
			sourceTree = "<group>";
		};
		296B09D41A8D5E9A00146CE2 /* mapSpotTests */ = {
			isa = PBXGroup;
			children = (
				296B09D71A8D5E9A00146CE2 /* mapSpotTests.m */,
				296B09D51A8D5E9A00146CE2 /* Supporting Files */,
			);
			path = mapSpotTests;
			sourceTree = "<group>";
		};
		296B09D51A8D5E9A00146CE2 /* Supporting Files */ = {
			isa = PBXGroup;
			children = (
				296B09D61A8D5E9A00146CE2 /* Info.plist */,
			);
			name = "Supporting Files";
			sourceTree = "<group>";
		};
/* End PBXGroup section */

/* Begin PBXNativeTarget section */
		296B09B71A8D5E9A00146CE2 /* mapSpot */ = {
			isa = PBXNativeTarget;
			buildConfigurationList = 296B09DB1A8D5E9A00146CE2 /* Build configuration list for PBXNativeTarget "mapSpot" */;
			buildPhases = (
				296B09B41A8D5E9A00146CE2 /* Sources */,
				296B09B51A8D5E9A00146CE2 /* Frameworks */,
				296B09B61A8D5E9A00146CE2 /* Resources */,
			);
			buildRules = (
			);
			dependencies = (
			);
			name = mapSpot;
			productName = mapSpot;
			productReference = 296B09B81A8D5E9A00146CE2 /* mapSpot.app */;
			productType = "com.apple.product-type.application";
		};
		296B09D01A8D5E9A00146CE2 /* mapSpotTests */ = {
			isa = PBXNativeTarget;
			buildConfigurationList = 296B09DE1A8D5E9A00146CE2 /* Build configuration list for PBXNativeTarget "mapSpotTests" */;
			buildPhases = (
				296B09CD1A8D5E9A00146CE2 /* Sources */,
				296B09CE1A8D5E9A00146CE2 /* Frameworks */,
				296B09CF1A8D5E9A00146CE2 /* Resources */,
			);
			buildRules = (
			);
			dependencies = (
				296B09D31A8D5E9A00146CE2 /* PBXTargetDependency */,
			);
			name = mapSpotTests;
			productName = mapSpotTests;
			productReference = 296B09D11A8D5E9A00146CE2 /* mapSpotTests.xctest */;
			productType = "com.apple.product-type.bundle.unit-test";
		};
/* End PBXNativeTarget section */

/* Begin PBXProject section */
		296B09B01A8D5E9A00146CE2 /* Project object */ = {
			isa = PBXProject;
			attributes = {
				LastUpgradeCheck = 0610;
				ORGANIZATIONNAME = "Marius Horga";
				TargetAttributes = {
					296B09B71A8D5E9A00146CE2 = {
						CreatedOnToolsVersion = 6.1.1;
					};
					296B09D01A8D5E9A00146CE2 = {
						CreatedOnToolsVersion = 6.1.1;
						TestTargetID = 296B09B71A8D5E9A00146CE2;
					};
				};
			};
			buildConfigurationList = 296B09B31A8D5E9A00146CE2 /* Build configuration list for PBXProject "mapSpot" */;
			compatibilityVersion = "Xcode 3.2";
			developmentRegion = English;
			hasScannedForEncodings = 0;
			knownRegions = (
				en,
				Base,
			);
			mainGroup = 296B09AF1A8D5E9A00146CE2;
			productRefGroup = 296B09B91A8D5E9A00146CE2 /* Products */;
			projectDirPath = "";
			projectRoot = "";
			targets = (
				296B09B71A8D5E9A00146CE2 /* mapSpot */,
				296B09D01A8D5E9A00146CE2 /* mapSpotTests */,
			);
		};
/* End PBXProject section */

/* Begin PBXResourcesBuildPhase section */
		296B09B61A8D5E9A00146CE2 /* Resources */ = {
			isa = PBXResourcesBuildPhase;
			buildActionMask = 2147483647;
			files = (
				296B09C71A8D5E9A00146CE2 /* Main.storyboard in Resources */,
				296B09CC1A8D5E9A00146CE2 /* LaunchScreen.xib in Resources */,
				296B09C91A8D5E9A00146CE2 /* Images.xcassets in Resources */,
			);
			runOnlyForDeploymentPostprocessing = 0;
		};
		296B09CF1A8D5E9A00146CE2 /* Resources */ = {
			isa = PBXResourcesBuildPhase;
			buildActionMask = 2147483647;
			files = (
			);
			runOnlyForDeploymentPostprocessing = 0;
		};
/* End PBXResourcesBuildPhase section */

/* Begin PBXSourcesBuildPhase section */
		296B09B41A8D5E9A00146CE2 /* Sources */ = {
			isa = PBXSourcesBuildPhase;
			buildActionMask = 2147483647;
			files = (
				296B09C41A8D5E9A00146CE2 /* ViewController.m in Sources */,
				296B09C11A8D5E9A00146CE2 /* AppDelegate.m in Sources */,
				296B09BE1A8D5E9A00146CE2 /* main.m in Sources */,
			);
			runOnlyForDeploymentPostprocessing = 0;
		};
		296B09CD1A8D5E9A00146CE2 /* Sources */ = {
			isa = PBXSourcesBuildPhase;
			buildActionMask = 2147483647;
			files = (
				296B09D81A8D5E9A00146CE2 /* mapSpotTests.m in Sources */,
			);
			runOnlyForDeploymentPostprocessing = 0;
		};
/* End PBXSourcesBuildPhase section */

/* Begin PBXTargetDependency section */
		296B09D31A8D5E9A00146CE2 /* PBXTargetDependency */ = {
			isa = PBXTargetDependency;
			target = 296B09B71A8D5E9A00146CE2 /* mapSpot */;
			targetProxy = 296B09D21A8D5E9A00146CE2 /* PBXContainerItemProxy */;
		};
/* End PBXTargetDependency section */

/* Begin PBXVariantGroup section */
		296B09C51A8D5E9A00146CE2 /* Main.storyboard */ = {
			isa = PBXVariantGroup;
			children = (
				296B09C61A8D5E9A00146CE2 /* Base */,
			);
			name = Main.storyboard;
			sourceTree = "<group>";
		};
		296B09CA1A8D5E9A00146CE2 /* LaunchScreen.xib */ = {
			isa = PBXVariantGroup;
			children = (
				296B09CB1A8D5E9A00146CE2 /* Base */,
			);
			name = LaunchScreen.xib;
			sourceTree = "<group>";
		};
/* End PBXVariantGroup section */

/* Begin XCBuildConfiguration section */
		296B09D91A8D5E9A00146CE2 /* Debug */ = {
			isa = XCBuildConfiguration;
			buildSettings = {
				ALWAYS_SEARCH_USER_PATHS = NO;
				CLANG_CXX_LANGUAGE_STANDARD = "gnu++0x";
				CLANG_CXX_LIBRARY = "libc++";
				CLANG_ENABLE_MODULES = YES;
				CLANG_ENABLE_OBJC_ARC = YES;
				CLANG_WARN_BOOL_CONVERSION = YES;
				CLANG_WARN_CONSTANT_CONVERSION = YES;
				CLANG_WARN_DIRECT_OBJC_ISA_USAGE = YES_ERROR;
				CLANG_WARN_EMPTY_BODY = YES;
				CLANG_WARN_ENUM_CONVERSION = YES;
				CLANG_WARN_INT_CONVERSION = YES;
				CLANG_WARN_OBJC_ROOT_CLASS = YES_ERROR;
				CLANG_WARN_UNREACHABLE_CODE = YES;
				CLANG_WARN__DUPLICATE_METHOD_MATCH = YES;
				"CODE_SIGN_IDENTITY[sdk=iphoneos*]" = "iPhone Developer";
				COPY_PHASE_STRIP = NO;
				ENABLE_STRICT_OBJC_MSGSEND = YES;
				GCC_C_LANGUAGE_STANDARD = gnu99;
				GCC_DYNAMIC_NO_PIC = NO;
				GCC_OPTIMIZATION_LEVEL = 0;
				GCC_PREPROCESSOR_DEFINITIONS = (
					"DEBUG=1",
					"$(inherited)",
				);
				GCC_SYMBOLS_PRIVATE_EXTERN = NO;
				GCC_WARN_64_TO_32_BIT_CONVERSION = YES;
				GCC_WARN_ABOUT_RETURN_TYPE = YES_ERROR;
				GCC_WARN_UNDECLARED_SELECTOR = YES;
				GCC_WARN_UNINITIALIZED_AUTOS = YES_AGGRESSIVE;
				GCC_WARN_UNUSED_FUNCTION = YES;
				GCC_WARN_UNUSED_VARIABLE = YES;
				IPHONEOS_DEPLOYMENT_TARGET = 8.1;
				MTL_ENABLE_DEBUG_INFO = YES;
				ONLY_ACTIVE_ARCH = YES;
				SDKROOT = iphoneos;
			};
			name = Debug;
		};
		296B09DA1A8D5E9A00146CE2 /* Release */ = {
			isa = XCBuildConfiguration;
			buildSettings = {
				ALWAYS_SEARCH_USER_PATHS = NO;
				CLANG_CXX_LANGUAGE_STANDARD = "gnu++0x";
				CLANG_CXX_LIBRARY = "libc++";
				CLANG_ENABLE_MODULES = YES;
				CLANG_ENABLE_OBJC_ARC = YES;
				CLANG_WARN_BOOL_CONVERSION = YES;
				CLANG_WARN_CONSTANT_CONVERSION = YES;
				CLANG_WARN_DIRECT_OBJC_ISA_USAGE = YES_ERROR;
				CLANG_WARN_EMPTY_BODY = YES;
				CLANG_WARN_ENUM_CONVERSION = YES;
				CLANG_WARN_INT_CONVERSION = YES;
				CLANG_WARN_OBJC_ROOT_CLASS = YES_ERROR;
				CLANG_WARN_UNREACHABLE_CODE = YES;
				CLANG_WARN__DUPLICATE_METHOD_MATCH = YES;
				"CODE_SIGN_IDENTITY[sdk=iphoneos*]" = "iPhone Developer";
				COPY_PHASE_STRIP = YES;
				ENABLE_NS_ASSERTIONS = NO;
				ENABLE_STRICT_OBJC_MSGSEND = YES;
				GCC_C_LANGUAGE_STANDARD = gnu99;
				GCC_WARN_64_TO_32_BIT_CONVERSION = YES;
				GCC_WARN_ABOUT_RETURN_TYPE = YES_ERROR;
				GCC_WARN_UNDECLARED_SELECTOR = YES;
				GCC_WARN_UNINITIALIZED_AUTOS = YES_AGGRESSIVE;
				GCC_WARN_UNUSED_FUNCTION = YES;
				GCC_WARN_UNUSED_VARIABLE = YES;
				IPHONEOS_DEPLOYMENT_TARGET = 8.1;
				MTL_ENABLE_DEBUG_INFO = NO;
				SDKROOT = iphoneos;
				VALIDATE_PRODUCT = YES;
			};
			name = Release;
		};
		296B09DC1A8D5E9A00146CE2 /* Debug */ = {
			isa = XCBuildConfiguration;
			buildSettings = {
				ASSETCATALOG_COMPILER_APPICON_NAME = AppIcon;
				INFOPLIST_FILE = mapSpot/Info.plist;
				LD_RUNPATH_SEARCH_PATHS = "$(inherited) @executable_path/Frameworks";
				PRODUCT_NAME = "$(TARGET_NAME)";
			};
			name = Debug;
		};
		296B09DD1A8D5E9A00146CE2 /* Release */ = {
			isa = XCBuildConfiguration;
			buildSettings = {
				ASSETCATALOG_COMPILER_APPICON_NAME = AppIcon;
				INFOPLIST_FILE = mapSpot/Info.plist;
				LD_RUNPATH_SEARCH_PATHS = "$(inherited) @executable_path/Frameworks";
				PRODUCT_NAME = "$(TARGET_NAME)";
			};
			name = Release;
		};
		296B09DF1A8D5E9A00146CE2 /* Debug */ = {
			isa = XCBuildConfiguration;
			buildSettings = {
				BUNDLE_LOADER = "$(TEST_HOST)";
				FRAMEWORK_SEARCH_PATHS = (
					"$(SDKROOT)/Developer/Library/Frameworks",
					"$(inherited)",
				);
				GCC_PREPROCESSOR_DEFINITIONS = (
					"DEBUG=1",
					"$(inherited)",
				);
				INFOPLIST_FILE = mapSpotTests/Info.plist;
				LD_RUNPATH_SEARCH_PATHS = "$(inherited) @executable_path/Frameworks @loader_path/Frameworks";
				PRODUCT_NAME = "$(TARGET_NAME)";
				TEST_HOST = "$(BUILT_PRODUCTS_DIR)/mapSpot.app/mapSpot";
			};
			name = Debug;
		};
		296B09E01A8D5E9A00146CE2 /* Release */ = {
			isa = XCBuildConfiguration;
			buildSettings = {
				BUNDLE_LOADER = "$(TEST_HOST)";
				FRAMEWORK_SEARCH_PATHS = (
					"$(SDKROOT)/Developer/Library/Frameworks",
					"$(inherited)",
				);
				INFOPLIST_FILE = mapSpotTests/Info.plist;
				LD_RUNPATH_SEARCH_PATHS = "$(inherited) @executable_path/Frameworks @loader_path/Frameworks";
				PRODUCT_NAME = "$(TARGET_NAME)";
				TEST_HOST = "$(BUILT_PRODUCTS_DIR)/mapSpot.app/mapSpot";
			};
			name = Release;
		};
/* End XCBuildConfiguration section */

/* Begin XCConfigurationList section */
		296B09B31A8D5E9A00146CE2 /* Build configuration list for PBXProject "mapSpot" */ = {
			isa = XCConfigurationList;
			buildConfigurations = (
				296B09D91A8D5E9A00146CE2 /* Debug */,
				296B09DA1A8D5E9A00146CE2 /* Release */,
			);
			defaultConfigurationIsVisible = 0;
			defaultConfigurationName = Release;
		};
		296B09DB1A8D5E9A00146CE2 /* Build configuration list for PBXNativeTarget "mapSpot" */ = {
			isa = XCConfigurationList;
			buildConfigurations = (
				296B09DC1A8D5E9A00146CE2 /* Debug */,
				296B09DD1A8D5E9A00146CE2 /* Release */,
			);
			defaultConfigurationIsVisible = 0;
		};
		296B09DE1A8D5E9A00146CE2 /* Build configuration list for PBXNativeTarget "mapSpotTests" */ = {
			isa = XCConfigurationList;
			buildConfigurations = (
				296B09DF1A8D5E9A00146CE2 /* Debug */,
				296B09E01A8D5E9A00146CE2 /* Release */,
			);
			defaultConfigurationIsVisible = 0;
		};
/* End XCConfigurationList section */
	};
	rootObject = 296B09B01A8D5E9A00146CE2 /* Project object */;
}
